{
  "name": "shamela-helps",
  "version": "1.0.0",
  "lockfileVersion": 3,
  "requires": true,
  "packages": {
    "": {
      "name": "shamela-helps",
      "version": "1.0.0",
      "license": "ISC",
      "devDependencies": {
        "@types/node": "~22.0.3",
        "typescript": "~4.6.2"
      }
    },
    "node_modules/@types/node": {
      "version": "22.0.3",
      "resolved": "https://registry.npmjs.org/@types/node/-/node-22.0.3.tgz",
      "integrity": "sha512-/e0NZtK2gs6Vk2DoyrXSZZ4AlamqTkx0CcKx1Aq8/P4ITlRgU9OtVf5fl+LXkWWJce1M89pkSlH6lJJEnK7bQA==",
      "dev": true,
      "license": "MIT",
      "dependencies": {
        "undici-types": "~6.11.1"
      }
    },
    "node_modules/typescript": {
      "version": "4.6.4",
      "resolved": "https://registry.npmjs.org/typescript/-/typescript-4.6.4.tgz",
      "integrity": "sha512-9ia/jWHIEbo49HfjrLGfKbZSuWo9iTMwXO+Ca3pRsSpbsMbc7/IU8NKdCZVRRBafVPGnoJeFL76ZOAA84I9fEg==",
      "dev": true,
      "license": "Apache-2.0",
      "bin": {
        "tsc": "bin/tsc",
        "tsserver": "bin/tsserver"
      },
      "engines": {
        "node": ">=4.2.0"
      }
    },
    "node_modules/undici-types": {
      "version": "6.11.1",
      "resolved": "https://registry.npmjs.org/undici-types/-/undici-types-6.11.1.tgz",
      "integrity": "sha512-mIDEX2ek50x0OlRgxryxsenE5XaQD4on5U2inY7RApK3SOJpofyw7uW2AyfMKkhAxXIceo2DeWGVGwyvng1GNQ==",
      "dev": true,
      "license": "MIT"
    }
  }
}
